
Microsoft Visual Studio Solution File, Format Version 10.00
# Visual Studio 2008
Project("{FAE04EC0-301F-11D3-BF4B-00C04F79EFBC}") = "Backend", "Backend\Backend.csproj", "{9DAF0961-78AA-4D1D-B8F6-DF4828280571}"
EndProject
Project("{2150E333-8FDC-42A3-9474-1A3956D46DE8}") = "Solution Items", "Solution Items", "{9CC49DE0-4582-4AFE-9179-9F5C8ECB3392}"
	ProjectSection(SolutionItems) = preProject
		COPYING.txt = COPYING.txt
	EndProjectSection
EndProject
Project("{FAE04EC0-301F-11D3-BF4B-00C04F79EFBC}") = "WinFormsGUI", "WinFormsGUI\WinFormsGUI.csproj", "{EAAA6A39-80AF-4920-94D1-FE96765FF422}"
EndProject
Global
	GlobalSection(SolutionConfigurationPlatforms) = preSolution
		Debug|Any CPU = Debug|Any CPU
		Release|Any CPU = Release|Any CPU
	EndGlobalSection
	GlobalSection(ProjectConfigurationPlatforms) = postSolution
		{9DAF0961-78AA-4D1D-B8F6-DF4828280571}.Debug|Any CPU.ActiveCfg = Debug|Any CPU
		{9DAF0961-78AA-4D1D-B8F6-DF4828280571}.Debug|Any CPU.Build.0 = Debug|Any CPU
		{9DAF0961-78AA-4D1D-B8F6-DF4828280571}.Release|Any CPU.ActiveCfg = Release|Any CPU
		{9DAF0961-78AA-4D1D-B8F6-DF4828280571}.Release|Any CPU.Build.0 = Release|Any CPU
		{EAAA6A39-80AF-4920-94D1-FE96765FF422}.Debug|Any CPU.ActiveCfg = Debug|Any CPU
		{EAAA6A39-80AF-4920-94D1-FE96765FF422}.Debug|Any CPU.Build.0 = Debug|Any CPU
		{EAAA6A39-80AF-4920-94D1-FE96765FF422}.Release|Any CPU.ActiveCfg = Release|Any CPU
		{EAAA6A39-80AF-4920-94D1-FE96765FF422}.Release|Any CPU.Build.0 = Release|Any CPU
	EndGlobalSection
	GlobalSection(SolutionProperties) = preSolution
		HideSolutionNode = FALSE
	EndGlobalSection
EndGlobal
